
Microsoft Visual Studio Solution File, Format Version 12.00
# Visual Studio Version 17
VisualStudioVersion = 17.4.33403.182
MinimumVisualStudioVersion = 10.0.40219.1
Project("{FAE04EC0-301F-11D3-BF4B-00C04F79EFBC}") = "MPad.Lib", "MPad.Lib\MPad.Lib.csproj", "{EB542266-1143-4EE6-9777-069CB709CD96}"
EndProject
Global
	GlobalSection(SolutionConfigurationPlatforms) = preSolution
		Debug|Any CPU = Debug|Any CPU
		Release|Any CPU = Release|Any CPU
	EndGlobalSection
	GlobalSection(ProjectConfigurationPlatforms) = postSolution
		{EB542266-1143-4EE6-9777-069CB709CD96}.Debug|Any CPU.ActiveCfg = Debug|Any CPU
		{EB542266-1143-4EE6-9777-069CB709CD96}.Debug|Any CPU.Build.0 = Debug|Any CPU
		{EB542266-1143-4EE6-9777-069CB709CD96}.Release|Any CPU.ActiveCfg = Release|Any CPU
		{EB542266-1143-4EE6-9777-069CB709CD96}.Release|Any CPU.Build.0 = Release|Any CPU
	EndGlobalSection
	GlobalSection(SolutionProperties) = preSolution
		HideSolutionNode = FALSE
	EndGlobalSection
	GlobalSection(ExtensibilityGlobals) = postSolution
		SolutionGuid = {C5FACF12-D19B-4F2B-A4F1-65B4487E65A5}
	EndGlobalSection
EndGlobal
